
Microsoft Visual Studio Solution File, Format Version 12.00
# Visual Studio Version 16
VisualStudioVersion = 16.0.31005.135
MinimumVisualStudioVersion = 10.0.40219.1
Project("{FAE04EC0-301F-11D3-BF4B-00C04F79EFBC}") = "Automatic Folder Image Slide Show", "Automatic Folder Image Slide Show\Automatic Folder Image Slide Show.csproj", "{1875B68A-85B4-49ED-A127-3E57633E8B2E}"
EndProject
Global
	GlobalSection(SolutionConfigurationPlatforms) = preSolution
		Debug|Any CPU = Debug|Any CPU
		Release|Any CPU = Release|Any CPU
	EndGlobalSection
	GlobalSection(ProjectConfigurationPlatforms) = postSolution
		{1875B68A-85B4-49ED-A127-3E57633E8B2E}.Debug|Any CPU.ActiveCfg = Debug|Any CPU
		{1875B68A-85B4-49ED-A127-3E57633E8B2E}.Debug|Any CPU.Build.0 = Debug|Any CPU
		{1875B68A-85B4-49ED-A127-3E57633E8B2E}.Release|Any CPU.ActiveCfg = Release|Any CPU
		{1875B68A-85B4-49ED-A127-3E57633E8B2E}.Release|Any CPU.Build.0 = Release|Any CPU
	EndGlobalSection
	GlobalSection(SolutionProperties) = preSolution
		HideSolutionNode = FALSE
	EndGlobalSection
	GlobalSection(ExtensibilityGlobals) = postSolution
		SolutionGuid = {BB3C6A5F-7CEC-47D4-8BD4-2133FA729D6B}
	EndGlobalSection
EndGlobal
